# This file was autogenerated by Stack.
# You should not edit this file by hand.
# For more information, please see the documentation at:
#   https://docs.haskellstack.org/en/stable/lock_files

packages:
- completed:
    hackage: hsemail-ns-1.7.7@sha256:e003ca2eb137d1318908323782dc27190927e09569e8133607b4c1cb9b806afd,1797
    pantry-tree:
      sha256: 6a6744a44bd038562116e45eef67a53017fc2eefe52ec1d9c9df04752619ebf3
      size: 608
  original:
    hackage: hsemail-ns-1.7.7
- completed:
    hackage: config-parser-1.2.0.0@sha256:287df8a34d30b131e87a7add5f1a35e30f9c2d61351155b1e82b71cdbf641a97,2949
    pantry-tree:
      sha256: 752a5b52a49e235fa3381206456f1aa4f86e11a6011f5fb2f8429b2950140e08
      size: 529
  original:
    hackage: config-parser-1.2.0.0
snapshots:
- completed:
    sha256: 06475226ae77d200ef106e999bfb280cb658f1ebb166b56f6f579890aab66942
    size: 504292
    url: https://raw.githubusercontent.com/commercialhaskell/stackage-snapshots/master/lts/7/24.yaml
  original: lts-7.24
